
Microsoft Visual Studio Solution File, Format Version 12.00
# Visual Studio Version 17
VisualStudioVersion = 17.10.35013.160
MinimumVisualStudioVersion = 10.0.40219.1
Project("{FAE04EC0-301F-11D3-BF4B-00C04F79EFBC}") = "topic 4 - random numbers pt 2", "topic 4 - random numbers pt 2.csproj", "{A04EFF10-9FE5-480B-BF0B-8C867DFAA1C4}"
EndProject
Global
	GlobalSection(SolutionConfigurationPlatforms) = preSolution
		Debug|Any CPU = Debug|Any CPU
		Release|Any CPU = Release|Any CPU
	EndGlobalSection
	GlobalSection(ProjectConfigurationPlatforms) = postSolution
		{A04EFF10-9FE5-480B-BF0B-8C867DFAA1C4}.Debug|Any CPU.ActiveCfg = Debug|Any CPU
		{A04EFF10-9FE5-480B-BF0B-8C867DFAA1C4}.Debug|Any CPU.Build.0 = Debug|Any CPU
		{A04EFF10-9FE5-480B-BF0B-8C867DFAA1C4}.Release|Any CPU.ActiveCfg = Release|Any CPU
		{A04EFF10-9FE5-480B-BF0B-8C867DFAA1C4}.Release|Any CPU.Build.0 = Release|Any CPU
	EndGlobalSection
	GlobalSection(SolutionProperties) = preSolution
		HideSolutionNode = FALSE
	EndGlobalSection
	GlobalSection(ExtensibilityGlobals) = postSolution
		SolutionGuid = {62BFA6EC-C797-4412-A21B-ABD7548094DC}
	EndGlobalSection
EndGlobal
